
Microsoft Visual Studio Solution File, Format Version 12.00
# Visual Studio Version 16
VisualStudioVersion = 16.0.30114.105
MinimumVisualStudioVersion = 10.0.40219.1
Project("{FAE04EC0-301F-11D3-BF4B-00C04F79EFBC}") = "MoveToHere", "MoveToHere\MoveToHere.csproj", "{B9B263D0-8104-4D80-9837-ED03F52EA80D}"
EndProject
Global
	GlobalSection(SolutionConfigurationPlatforms) = preSolution
		Debug|Any CPU = Debug|Any CPU
		Release|Any CPU = Release|Any CPU
	EndGlobalSection
	GlobalSection(ProjectConfigurationPlatforms) = postSolution
		{B9B263D0-8104-4D80-9837-ED03F52EA80D}.Debug|Any CPU.ActiveCfg = Debug|Any CPU
		{B9B263D0-8104-4D80-9837-ED03F52EA80D}.Debug|Any CPU.Build.0 = Debug|Any CPU
		{B9B263D0-8104-4D80-9837-ED03F52EA80D}.Release|Any CPU.ActiveCfg = Release|Any CPU
		{B9B263D0-8104-4D80-9837-ED03F52EA80D}.Release|Any CPU.Build.0 = Release|Any CPU
	EndGlobalSection
	GlobalSection(SolutionProperties) = preSolution
		HideSolutionNode = FALSE
	EndGlobalSection
	GlobalSection(ExtensibilityGlobals) = postSolution
		SolutionGuid = {DD64A332-552C-4595-8520-5FD997A01638}
	EndGlobalSection
EndGlobal
